
Microsoft Visual Studio Solution File, Format Version 12.00
# Visual Studio Version 16
VisualStudioVersion = 16.0.29919.163
MinimumVisualStudioVersion = 10.0.40219.1
Project("{FAE04EC0-301F-11D3-BF4B-00C04F79EFBC}") = "PerfStressDriver", "PerfStressDriver.csproj", "{7B5B9E9B-CCCB-4929-9B1B-66AD03F8B3BB}"
EndProject
Global
	GlobalSection(SolutionConfigurationPlatforms) = preSolution
		Debug|Any CPU = Debug|Any CPU
		Release|Any CPU = Release|Any CPU
	EndGlobalSection
	GlobalSection(ProjectConfigurationPlatforms) = postSolution
		{7B5B9E9B-CCCB-4929-9B1B-66AD03F8B3BB}.Debug|Any CPU.ActiveCfg = Debug|Any CPU
		{7B5B9E9B-CCCB-4929-9B1B-66AD03F8B3BB}.Debug|Any CPU.Build.0 = Debug|Any CPU
		{7B5B9E9B-CCCB-4929-9B1B-66AD03F8B3BB}.Release|Any CPU.ActiveCfg = Release|Any CPU
		{7B5B9E9B-CCCB-4929-9B1B-66AD03F8B3BB}.Release|Any CPU.Build.0 = Release|Any CPU
	EndGlobalSection
	GlobalSection(SolutionProperties) = preSolution
		HideSolutionNode = FALSE
	EndGlobalSection
	GlobalSection(ExtensibilityGlobals) = postSolution
		SolutionGuid = {58714A94-68F8-4F23-A1CE-7F51E1BBB4B8}
	EndGlobalSection
EndGlobal
